github.com/tinywasm/command v0.0.2 h1:VDeUUghEatrK4bMgv3MJlswpVZMybvxwB5YTyisfp7o=
github.com/tinywasm/command v0.0.2/go.mod h1:biTSjIwxhPoOoyZ7iR8qt59qW1FD5QHCYfsLPlWYwkA=
github.com/tinywasm/context v0.0.18 h1:uKeiAFo6L/PikGSbUu+xcyELGoa4kXomDNwJOlhxrUE=
github.com/tinywasm/context v0.0.18/go.mod h1:3AHZHMiiVZljEGNuYMaLM2OXdZ3bXjoMCmqx3sEGXsA=
github.com/tinywasm/fetch v0.1.24 h1:UynB2NPPgYrwcRx6ZujkRUTlfUUkNs60J0O63/1FmAs=
github.com/tinywasm/fetch v0.1.24/go.mod h1:Hx9bkdjC5fcf++EWjHKUzEn2OZpUbfoXNQV8tbdC5SI=
github.com/tinywasm/fmt v0.25.3 h1:CkyjeKvSFM8BxRWleb4gaPak8Fe+VKPWvnW0UU7KvQE=
github.com/tinywasm/fmt v0.25.3/go.mod h1:L2GCAi6asgytPV6TVvGrRq5Ml+DkUt1Ijo5i/2J1jOY=
github.com/tinywasm/gobuild v0.0.26 h1:19Cyzb3nYlueWPRPEQNdTM6+OXTXuP5Ro+jNBYj3ptY=
github.com/tinywasm/gobuild v0.0.26/go.mod h1:48JVlXnOy8ZBiz/vz5rWMxv4ZrQvB5Fbw22kOx6RfZY=
github.com/tinywasm/js v0.0.4 h1:dG4SHMpY48kg0A6rnL4aqf6pclurV52y893fG0ovfJ4=
github.com/tinywasm/js v0.0.4/go.mod h1:VNNOpFiVwfN3B6ZYG9HPZRp8sCOjcNd78c5TQcPzf0E=
github.com/tinywasm/json v0.5.11 h1:hG8RYmwtbxs4pC/i3EgQgsWe2C42LhUSA3i+YzPt818=
github.com/tinywasm/json v0.5.11/go.mod h1:6UeL7bWypYLIWsF12pOOwpYJci8YmW02+d85dShStL8=
github.com/tinywasm/markdown v0.0.2 h1:dSt9UQPeZgaaPE30gjGYhh/UBxMKGJN+yJyUUz/BgNA=
github.com/tinywasm/markdown v0.0.2/go.mod h1:0SAcxF8xzuudJ3DrYl3mDISgwQmYzXeR7al0cLjZP1M=
github.com/tinywasm/mcp v0.1.20 h1:PicGmWWAAB0avaqQ95QnO4lPgA8YYjOTGM33uhfZoJk=
github.com/tinywasm/mcp v0.1.20/go.mod h1:ULN0vnDSsXivzqbRliMNxVHq0sDrYUB+oZzTdKN6C3A=
github.com/tinywasm/model v0.0.14 h1:Uctb34Xj0+rPWRqyI8/dHub0vyey8All1Ft+XBMXJKs=
github.com/tinywasm/model v0.0.14/go.mod h1:wkYZLW6CWVrlx5TiLEBL71KgDxhjUcFtY3KXZKpkCXA=
github.com/tinywasm/router v0.1.8 h1:pEnFDcAmdoUgKA/Eeos8/1tqY4l6kMJkmP0BiyT97WQ=
github.com/tinywasm/router v0.1.8/go.mod h1:/ts7XVTqIsBqu+xsKOh432HUopBEA11IZJGgi9E/L1U=
github.com/tinywasm/time v0.5.0 h1:M17DNgKrMYfkCK42V6miL9AcwfN/FHghbKOSTXJrkMo=
github.com/tinywasm/time v0.5.0/go.mod h1:vxGAkKA40im4ObiTS6hcsJYiIsVVLSz/A63JC/+TwvA=
github.com/tinywasm/tinygo v0.0.11 h1:mdSPat9PcIcT1ZW6y+7DJmAbne2vLHVpTHqTCRL/L/A=
github.com/tinywasm/tinygo v0.0.11/go.mod h1:AFP4RTqJN9HKR/AWwXSibOF0HwlHIIpBNP0KWO2nvCU=
github.com/tinywasm/unixid v0.2.23 h1:Lp/TER0RwbaT7EcHbQNzXj9LOGA2VD8rC8XLYmxJBc0=
github.com/tinywasm/unixid v0.2.23/go.mod h1:5KPbI26CrW8S7rgMS46gqlLKTYPno3QH49GSB5NSLMU=
